<?xml version="1.0" encoding="UTF-8" standalone="yes" ?>
<CodeBlocks_project_file>
	<FileVersion major="1" minor="6" />
	<Project>
		<Option title="ETA" />
		<Option pch_mode="2" />
		<Option compiler="gcc" />
		<Option virtualFolders="App\;FrontEnd\;Data\;Domain\;Misc\;" />
		<Build>
			<Target title="Debug">
				<Option output="bin/Debug/ETA" prefix_auto="1" extension_auto="1" />
				<Option object_output="obj/Debug/" />
				<Option type="1" />
				<Option compiler="gcc" />
				<Compiler>
					<Add option="-g" />
					<Add directory="C:/Program Files/mingw-w64/pdcurs34" />
					<Add directory="C:/Program Files/mingw-w64/pdcurs34/win32" />
				</Compiler>
				<Linker>
					<Add library="D:/ETA/Lib/Win64/panel.a" />
					<Add library="D:/ETA/Lib/Win64/pdcurses.a" />
					<Add library="C:/Program Files/mingw-w64/x86_64-7.1.0-posix-seh-rt_v5-rev1/mingw64/x86_64-w64-mingw32/lib/libpthread.a" />
					<Add directory="D:/ETA/Lib/Win64" />
				</Linker>
			</Target>
			<Target title="Release">
				<Option output="bin/Release/ETA" prefix_auto="1" extension_auto="1" />
				<Option object_output="obj/Release/" />
				<Option type="1" />
				<Option compiler="gcc" />
				<Compiler>
					<Add option="-O2" />
				</Compiler>
				<Linker>
					<Add option="-s" />
				</Linker>
			</Target>
		</Build>
		<Compiler>
			<Add option="-Wall" />
		</Compiler>
		<Unit filename="src/App.c">
			<Option compilerVar="CC" />
			<Option virtualFolder="App/" />
		</Unit>
		<Unit filename="src/App.h" />
		<Unit filename="src/BR_pt.h" />
		<Unit filename="src/ConfigMenu.c">
			<Option compilerVar="CC" />
			<Option virtualFolder="FrontEnd/" />
		</Unit>
		<Unit filename="src/ConfigMenu.h" />
		<Unit filename="src/Container.c">
			<Option compilerVar="CC" />
			<Option virtualFolder="FrontEnd/" />
		</Unit>
		<Unit filename="src/Container.h" />
		<Unit filename="src/DataAcquisition.c">
			<Option compilerVar="CC" />
			<Option virtualFolder="Data/" />
		</Unit>
		<Unit filename="src/DataAcquisition.h" />
		<Unit filename="src/DemoIncremental.c">
			<Option compilerVar="CC" />
			<Option virtualFolder="Data/" />
		</Unit>
		<Unit filename="src/DemoIncremental.h" />
		<Unit filename="src/DemoRandom.c">
			<Option compilerVar="CC" />
			<Option virtualFolder="Data/" />
		</Unit>
		<Unit filename="src/DemoRandom.h" />
		<Unit filename="src/Dispenser.c">
			<Option compilerVar="CC" />
			<Option virtualFolder="Domain/" />
		</Unit>
		<Unit filename="src/Dispenser.h" />
		<Unit filename="src/Display.c">
			<Option compilerVar="CC" />
			<Option virtualFolder="FrontEnd/" />
		</Unit>
		<Unit filename="src/Display.h" />
		<Unit filename="src/ETA.c">
			<Option compilerVar="CC" />
			<Option virtualFolder="Domain/" />
		</Unit>
		<Unit filename="src/ETA.h" />
		<Unit filename="src/FlowSensor.c">
			<Option compilerVar="CC" />
			<Option virtualFolder="Domain/" />
		</Unit>
		<Unit filename="src/FlowSensor.h" />
		<Unit filename="src/InterfaceDA.h" />
		<Unit filename="src/Macro.h" />
		<Unit filename="src/MainForm.c">
			<Option compilerVar="CC" />
			<Option virtualFolder="FrontEnd/" />
		</Unit>
		<Unit filename="src/MainForm.h" />
		<Unit filename="src/MainMenu.c">
			<Option compilerVar="CC" />
			<Option virtualFolder="FrontEnd/" />
		</Unit>
		<Unit filename="src/MainMenu.h" />
		<Unit filename="src/Menu.c">
			<Option compilerVar="CC" />
			<Option virtualFolder="FrontEnd/" />
		</Unit>
		<Unit filename="src/Menu.h" />
		<Unit filename="src/Misc.c">
			<Option compilerVar="CC" />
			<Option virtualFolder="Misc/" />
		</Unit>
		<Unit filename="src/Misc.h" />
		<Unit filename="src/MonitorMenu.c">
			<Option compilerVar="CC" />
			<Option virtualFolder="FrontEnd/" />
		</Unit>
		<Unit filename="src/MonitorMenu.h" />
		<Unit filename="src/Pump.c">
			<Option compilerVar="CC" />
			<Option virtualFolder="Domain/" />
		</Unit>
		<Unit filename="src/Pump.h" />
		<Unit filename="src/RBPI3.c">
			<Option compilerVar="CC" />
			<Option virtualFolder="Data/" />
		</Unit>
		<Unit filename="src/RBPI3.h" />
		<Unit filename="src/SimulatorMenu.c">
			<Option compilerVar="CC" />
			<Option virtualFolder="FrontEnd/" />
		</Unit>
		<Unit filename="src/SimulatorMenu.h" />
		<Unit filename="src/Tank.c">
			<Option compilerVar="CC" />
			<Option virtualFolder="Domain/" />
		</Unit>
		<Unit filename="src/Tank.h" />
		<Unit filename="src/TasksManager.c">
			<Option compilerVar="CC" />
			<Option virtualFolder="App/" />
		</Unit>
		<Unit filename="src/TasksManager.h" />
		<Unit filename="src/Type.h" />
		<Unit filename="src/Valve.c">
			<Option compilerVar="CC" />
			<Option virtualFolder="Domain/" />
		</Unit>
		<Unit filename="src/Valve.h" />
		<Unit filename="src/main.c">
			<Option compilerVar="CC" />
			<Option virtualFolder="App/" />
		</Unit>
		<Extensions>
			<code_completion />
			<envvars />
			<debugger />
			<lib_finder disable_auto="1" />
		</Extensions>
	</Project>
</CodeBlocks_project_file>
